schema: '2.0'
stages:
  data_preprocessing:
    cmd: uv run src/data/data_preprocessing.py
    deps:
    - path: data/raw/books.csv
      hash: md5
      md5: fb986e694176649505eec4a383b8a3eb
      size: 4142211
  data_ingestion:
    cmd: uv run src/data/data_ingestion.py
    deps:
    - path: data/raw/books.csv
      hash: md5
      md5: fb986e694176649505eec4a383b8a3eb
      size: 4142211
    outs:
    - path: data/interim/books_with_categories.csv
      hash: md5
      md5: 7279d702f77bf57d408c948185118702
      size: 6560684
  data_tagger:
    cmd: uv run src/data/data_tagger.py
    deps:
    - path: data/interim/books_with_categories.csv
      hash: md5
      md5: 7279d702f77bf57d408c948185118702
      size: 6560684
    outs:
    - path: data/final/tagged_description.txt
      hash: md5
      md5: bb1e5de7f5401e241e43b2fe89fdfcfa
      size: 2607714
